
Microsoft Visual Studio Solution File, Format Version 12.00
# Visual Studio Version 16
VisualStudioVersion = 16.0.31112.23
MinimumVisualStudioVersion = 10.0.40219.1
Project("{FAE04EC0-301F-11D3-BF4B-00C04F79EFBC}") = "GamingPortal", "GamingPortal.csproj", "{DF500D1D-6195-40B6-8FE2-8F452184A6EB}"
EndProject
Global
	GlobalSection(SolutionConfigurationPlatforms) = preSolution
		Debug|Any CPU = Debug|Any CPU
		Release|Any CPU = Release|Any CPU
	EndGlobalSection
	GlobalSection(ProjectConfigurationPlatforms) = postSolution
		{DF500D1D-6195-40B6-8FE2-8F452184A6EB}.Debug|Any CPU.ActiveCfg = Debug|Any CPU
		{DF500D1D-6195-40B6-8FE2-8F452184A6EB}.Debug|Any CPU.Build.0 = Debug|Any CPU
		{DF500D1D-6195-40B6-8FE2-8F452184A6EB}.Release|Any CPU.ActiveCfg = Release|Any CPU
		{DF500D1D-6195-40B6-8FE2-8F452184A6EB}.Release|Any CPU.Build.0 = Release|Any CPU
	EndGlobalSection
	GlobalSection(SolutionProperties) = preSolution
		HideSolutionNode = FALSE
	EndGlobalSection
	GlobalSection(ExtensibilityGlobals) = postSolution
		SolutionGuid = {8D300A7E-97CA-471D-AE59-C8C3C8E96159}
	EndGlobalSection
EndGlobal
